
Microsoft Visual Studio Solution File, Format Version 12.00
# Visual Studio 15
VisualStudioVersion = 15.0.28307.102
MinimumVisualStudioVersion = 10.0.40219.1
Project("{FAE04EC0-301F-11D3-BF4B-00C04F79EFBC}") = "PractoWebApi", "PractoWebApi\PractoWebApi.csproj", "{5871BB46-4BBF-43CF-9306-16C9F2DED3CF}"
EndProject
Project("{FAE04EC0-301F-11D3-BF4B-00C04F79EFBC}") = "PractoEntity", "PractoEntity\PractoEntity.csproj", "{AE6102C0-4340-4382-8C67-C8A7FE07958C}"
EndProject
Project("{FAE04EC0-301F-11D3-BF4B-00C04F79EFBC}") = "PractoMVCWebApp", "PractoMVCWebApp\PractoMVCWebApp.csproj", "{5D7B18A8-F26A-40D6-A79A-9A9714F27532}"
EndProject
Global
	GlobalSection(SolutionConfigurationPlatforms) = preSolution
		Debug|Any CPU = Debug|Any CPU
		Release|Any CPU = Release|Any CPU
	EndGlobalSection
	GlobalSection(ProjectConfigurationPlatforms) = postSolution
		{5871BB46-4BBF-43CF-9306-16C9F2DED3CF}.Debug|Any CPU.ActiveCfg = Debug|Any CPU
		{5871BB46-4BBF-43CF-9306-16C9F2DED3CF}.Debug|Any CPU.Build.0 = Debug|Any CPU
		{5871BB46-4BBF-43CF-9306-16C9F2DED3CF}.Release|Any CPU.ActiveCfg = Release|Any CPU
		{5871BB46-4BBF-43CF-9306-16C9F2DED3CF}.Release|Any CPU.Build.0 = Release|Any CPU
		{AE6102C0-4340-4382-8C67-C8A7FE07958C}.Debug|Any CPU.ActiveCfg = Debug|Any CPU
		{AE6102C0-4340-4382-8C67-C8A7FE07958C}.Debug|Any CPU.Build.0 = Debug|Any CPU
		{AE6102C0-4340-4382-8C67-C8A7FE07958C}.Release|Any CPU.ActiveCfg = Release|Any CPU
		{AE6102C0-4340-4382-8C67-C8A7FE07958C}.Release|Any CPU.Build.0 = Release|Any CPU
		{5D7B18A8-F26A-40D6-A79A-9A9714F27532}.Debug|Any CPU.ActiveCfg = Debug|Any CPU
		{5D7B18A8-F26A-40D6-A79A-9A9714F27532}.Debug|Any CPU.Build.0 = Debug|Any CPU
		{5D7B18A8-F26A-40D6-A79A-9A9714F27532}.Release|Any CPU.ActiveCfg = Release|Any CPU
		{5D7B18A8-F26A-40D6-A79A-9A9714F27532}.Release|Any CPU.Build.0 = Release|Any CPU
	EndGlobalSection
	GlobalSection(SolutionProperties) = preSolution
		HideSolutionNode = FALSE
	EndGlobalSection
	GlobalSection(ExtensibilityGlobals) = postSolution
		SolutionGuid = {2A2A32A0-998F-4DD8-B644-B95ED1CFAE7B}
	EndGlobalSection
EndGlobal
